
Microsoft Visual Studio Solution File, Format Version 12.00
# Visual Studio 2013
VisualStudioVersion = 12.0.30723.0
MinimumVisualStudioVersion = 10.0.40219.1
Project("{FAE04EC0-301F-11D3-BF4B-00C04F79EFBC}") = "WebApiService", "WebApiService\WebApiService.csproj", "{13C0BA6C-00DB-4019-8493-050B7E5C2200}"
EndProject
Project("{FAE04EC0-301F-11D3-BF4B-00C04F79EFBC}") = "AngularJsClient.Test", "AngularJsClient.Test\AngularJsClient.Test.csproj", "{0ED7C66A-F487-424E-A9B8-B2299C17210C}"
EndProject
Project("{FAE04EC0-301F-11D3-BF4B-00C04F79EFBC}") = "Smartition", "Smartition\Smartition.csproj", "{ADCD40F2-6CD2-45CF-82A3-CD5443405042}"
EndProject
Global
	GlobalSection(SolutionConfigurationPlatforms) = preSolution
		Debug|Any CPU = Debug|Any CPU
		Release|Any CPU = Release|Any CPU
	EndGlobalSection
	GlobalSection(ProjectConfigurationPlatforms) = postSolution
		{13C0BA6C-00DB-4019-8493-050B7E5C2200}.Debug|Any CPU.ActiveCfg = Debug|Any CPU
		{13C0BA6C-00DB-4019-8493-050B7E5C2200}.Debug|Any CPU.Build.0 = Debug|Any CPU
		{13C0BA6C-00DB-4019-8493-050B7E5C2200}.Release|Any CPU.ActiveCfg = Release|Any CPU
		{13C0BA6C-00DB-4019-8493-050B7E5C2200}.Release|Any CPU.Build.0 = Release|Any CPU
		{0ED7C66A-F487-424E-A9B8-B2299C17210C}.Debug|Any CPU.ActiveCfg = Debug|Any CPU
		{0ED7C66A-F487-424E-A9B8-B2299C17210C}.Debug|Any CPU.Build.0 = Debug|Any CPU
		{0ED7C66A-F487-424E-A9B8-B2299C17210C}.Release|Any CPU.ActiveCfg = Release|Any CPU
		{0ED7C66A-F487-424E-A9B8-B2299C17210C}.Release|Any CPU.Build.0 = Release|Any CPU
		{ADCD40F2-6CD2-45CF-82A3-CD5443405042}.Debug|Any CPU.ActiveCfg = Debug|Any CPU
		{ADCD40F2-6CD2-45CF-82A3-CD5443405042}.Debug|Any CPU.Build.0 = Debug|Any CPU
		{ADCD40F2-6CD2-45CF-82A3-CD5443405042}.Release|Any CPU.ActiveCfg = Release|Any CPU
		{ADCD40F2-6CD2-45CF-82A3-CD5443405042}.Release|Any CPU.Build.0 = Release|Any CPU
	EndGlobalSection
	GlobalSection(SolutionProperties) = preSolution
		HideSolutionNode = FALSE
	EndGlobalSection
EndGlobal
